
Microsoft Visual Studio Solution File, Format Version 12.00
Project("{FAE04EC0-301F-11D3-BF4B-00C04F79EFBC}") = "DPXQRPoc", "DPXQRPoc\DPXQRPoc.csproj", "{08DFDFC2-6E83-4F19-A4D6-2F790B800B39}"
EndProject
Project("{FAE04EC0-301F-11D3-BF4B-00C04F79EFBC}") = "DPXQRPoc.Data", "DPXQRPoc.Data\DPXQRPoc.Data.csproj", "{E1F8D663-D81A-43D2-B223-FB14B228E2C7}"
EndProject
Project("{FAE04EC0-301F-11D3-BF4B-00C04F79EFBC}") = "DPXQRPoc.Core", "DPXQRPoc.Core\DPXQRPoc.Core.csproj", "{D39F3361-1E01-4474-8C6D-8A51A1A0DFA1}"
EndProject
Global
	GlobalSection(SolutionConfigurationPlatforms) = preSolution
		Debug|Any CPU = Debug|Any CPU
		Release|Any CPU = Release|Any CPU
	EndGlobalSection
	GlobalSection(ProjectConfigurationPlatforms) = postSolution
		{08DFDFC2-6E83-4F19-A4D6-2F790B800B39}.Debug|Any CPU.ActiveCfg = Debug|Any CPU
		{08DFDFC2-6E83-4F19-A4D6-2F790B800B39}.Debug|Any CPU.Build.0 = Debug|Any CPU
		{08DFDFC2-6E83-4F19-A4D6-2F790B800B39}.Release|Any CPU.ActiveCfg = Release|Any CPU
		{08DFDFC2-6E83-4F19-A4D6-2F790B800B39}.Release|Any CPU.Build.0 = Release|Any CPU
		{E1F8D663-D81A-43D2-B223-FB14B228E2C7}.Debug|Any CPU.ActiveCfg = Debug|Any CPU
		{E1F8D663-D81A-43D2-B223-FB14B228E2C7}.Debug|Any CPU.Build.0 = Debug|Any CPU
		{E1F8D663-D81A-43D2-B223-FB14B228E2C7}.Release|Any CPU.ActiveCfg = Release|Any CPU
		{E1F8D663-D81A-43D2-B223-FB14B228E2C7}.Release|Any CPU.Build.0 = Release|Any CPU
		{D39F3361-1E01-4474-8C6D-8A51A1A0DFA1}.Debug|Any CPU.ActiveCfg = Debug|Any CPU
		{D39F3361-1E01-4474-8C6D-8A51A1A0DFA1}.Debug|Any CPU.Build.0 = Debug|Any CPU
		{D39F3361-1E01-4474-8C6D-8A51A1A0DFA1}.Release|Any CPU.ActiveCfg = Release|Any CPU
		{D39F3361-1E01-4474-8C6D-8A51A1A0DFA1}.Release|Any CPU.Build.0 = Release|Any CPU
	EndGlobalSection
EndGlobal
